
Microsoft Visual Studio Solution File, Format Version 12.00
# Visual Studio Version 17
VisualStudioVersion = 17.4.33122.133
MinimumVisualStudioVersion = 10.0.40219.1
Project("{FAE04EC0-301F-11D3-BF4B-00C04F79EFBC}") = "WeatherWinFormsApp", "WeatherWinFormsApp\WeatherWinFormsApp.csproj", "{3AAA1501-7516-41D4-B38F-4DF6E3D64FAB}"
EndProject
Global
	GlobalSection(SolutionConfigurationPlatforms) = preSolution
		Debug|Any CPU = Debug|Any CPU
		Release|Any CPU = Release|Any CPU
	EndGlobalSection
	GlobalSection(ProjectConfigurationPlatforms) = postSolution
		{3AAA1501-7516-41D4-B38F-4DF6E3D64FAB}.Debug|Any CPU.ActiveCfg = Debug|Any CPU
		{3AAA1501-7516-41D4-B38F-4DF6E3D64FAB}.Debug|Any CPU.Build.0 = Debug|Any CPU
		{3AAA1501-7516-41D4-B38F-4DF6E3D64FAB}.Release|Any CPU.ActiveCfg = Release|Any CPU
		{3AAA1501-7516-41D4-B38F-4DF6E3D64FAB}.Release|Any CPU.Build.0 = Release|Any CPU
	EndGlobalSection
	GlobalSection(SolutionProperties) = preSolution
		HideSolutionNode = FALSE
	EndGlobalSection
	GlobalSection(ExtensibilityGlobals) = postSolution
		SolutionGuid = {EC12A57D-7089-4B05-B5EB-6B27F5AFE35A}
	EndGlobalSection
EndGlobal
